{
  "name": "confluent-examples-nodejs",
  "version": "6.2.0",
  "lockfileVersion": 2,
  "requires": true,
  "packages": {
    "": {
      "name": "confluent-examples-nodejs",
      "version": "6.2.0",
      "dependencies": {
        "minimist": "^1.2.3",
        "node-rdkafka": "^2.11.0"
      },
      "engines": {
        "node": ">=8.6"
      }
    },
    "node_modules/bindings": {
      "version": "1.3.1",
      "resolved": "https://registry.npmjs.org/bindings/-/bindings-1.3.1.tgz",
      "integrity": "sha512-i47mqjF9UbjxJhxGf+pZ6kSxrnI3wBLlnGI2ArWJ4r0VrvDS7ZYXkprq/pLaBWYq4GM0r4zdHY+NNRqEMU7uew=="
    },
    "node_modules/minimist": {
      "version": "1.2.3",
      "resolved": "https://registry.npmjs.org/minimist/-/minimist-1.2.3.tgz",
      "integrity": "sha512-+bMdgqjMN/Z77a6NlY/I3U5LlRDbnmaAk6lDveAPKwSpcPM4tKAuYsvYF8xjhOPXhOYGe/73vVLVez5PW+jqhw=="
    },
    "node_modules/nan": {
      "version": "2.15.0",
      "resolved": "https://registry.npmjs.org/nan/-/nan-2.15.0.tgz",
      "integrity": "sha512-8ZtvEnA2c5aYCZYd1cvgdnU6cqwixRoYg70xPLWUws5ORTa/lnw+u4amixRS/Ac5U5mQVgp9pnlSUnbNWFaWZQ=="
    },
    "node_modules/node-rdkafka": {
      "version": "2.11.0",
      "resolved": "https://registry.npmjs.org/node-rdkafka/-/node-rdkafka-2.11.0.tgz",
      "integrity": "sha512-GdeeUv7RkH5WTWGl5BSxdn74r+d/tLGT48J4dVQzNN/Xz+Xu9fDvDz/Ov3fQ4J3kEI2WwNVGjTaoCxHw+iRQhA==",
      "hasInstallScript": true,
      "dependencies": {
        "bindings": "^1.3.1",
        "nan": "^2.14.0"
      },
      "engines": {
        "node": ">=6.0.0"
      }
    }
  },
  "dependencies": {
    "bindings": {
      "version": "1.3.1",
      "resolved": "https://registry.npmjs.org/bindings/-/bindings-1.3.1.tgz",
      "integrity": "sha512-i47mqjF9UbjxJhxGf+pZ6kSxrnI3wBLlnGI2ArWJ4r0VrvDS7ZYXkprq/pLaBWYq4GM0r4zdHY+NNRqEMU7uew=="
    },
    "minimist": {
      "version": "1.2.3",
      "resolved": "https://registry.npmjs.org/minimist/-/minimist-1.2.3.tgz",
      "integrity": "sha512-+bMdgqjMN/Z77a6NlY/I3U5LlRDbnmaAk6lDveAPKwSpcPM4tKAuYsvYF8xjhOPXhOYGe/73vVLVez5PW+jqhw=="
    },
    "nan": {
      "version": "2.15.0",
      "resolved": "https://registry.npmjs.org/nan/-/nan-2.15.0.tgz",
      "integrity": "sha512-8ZtvEnA2c5aYCZYd1cvgdnU6cqwixRoYg70xPLWUws5ORTa/lnw+u4amixRS/Ac5U5mQVgp9pnlSUnbNWFaWZQ=="
    },
    "node-rdkafka": {
      "version": "2.11.0",
      "resolved": "https://registry.npmjs.org/node-rdkafka/-/node-rdkafka-2.11.0.tgz",
      "integrity": "sha512-GdeeUv7RkH5WTWGl5BSxdn74r+d/tLGT48J4dVQzNN/Xz+Xu9fDvDz/Ov3fQ4J3kEI2WwNVGjTaoCxHw+iRQhA==",
      "requires": {
        "bindings": "^1.3.1",
        "nan": "^2.14.0"
      }
    }
  }
}
